
Microsoft Visual Studio Solution File, Format Version 12.00
# Visual Studio 15
VisualStudioVersion = 15.0.27428.2043
MinimumVisualStudioVersion = 10.0.40219.1
Project("{9A19103F-16F7-4668-BE54-9A1E7A4F7556}") = "AnalysisTool", "AnalysisTool\AnalysisTool.csproj", "{A1707ACF-6A8A-4C14-A596-7E54856AF95D}"
EndProject
Project("{FAE04EC0-301F-11D3-BF4B-00C04F79EFBC}") = "AnalysisToolTests", "AnalysisToolTests\AnalysisToolTests.csproj", "{D71F36EB-3444-430C-9E57-F8A0C4E76B06}"
EndProject
Global
	GlobalSection(SolutionConfigurationPlatforms) = preSolution
		Debug|Any CPU = Debug|Any CPU
		Release|Any CPU = Release|Any CPU
	EndGlobalSection
	GlobalSection(ProjectConfigurationPlatforms) = postSolution
		{A1707ACF-6A8A-4C14-A596-7E54856AF95D}.Debug|Any CPU.ActiveCfg = Debug|Any CPU
		{A1707ACF-6A8A-4C14-A596-7E54856AF95D}.Debug|Any CPU.Build.0 = Debug|Any CPU
		{A1707ACF-6A8A-4C14-A596-7E54856AF95D}.Release|Any CPU.ActiveCfg = Release|Any CPU
		{A1707ACF-6A8A-4C14-A596-7E54856AF95D}.Release|Any CPU.Build.0 = Release|Any CPU
		{D71F36EB-3444-430C-9E57-F8A0C4E76B06}.Debug|Any CPU.ActiveCfg = Debug|Any CPU
		{D71F36EB-3444-430C-9E57-F8A0C4E76B06}.Debug|Any CPU.Build.0 = Debug|Any CPU
		{D71F36EB-3444-430C-9E57-F8A0C4E76B06}.Release|Any CPU.ActiveCfg = Release|Any CPU
		{D71F36EB-3444-430C-9E57-F8A0C4E76B06}.Release|Any CPU.Build.0 = Release|Any CPU
	EndGlobalSection
	GlobalSection(SolutionProperties) = preSolution
		HideSolutionNode = FALSE
	EndGlobalSection
	GlobalSection(ExtensibilityGlobals) = postSolution
		SolutionGuid = {F95ADB95-CE0A-4A52-B703-D1A8A5E9239C}
	EndGlobalSection
EndGlobal
